
Microsoft Visual Studio Solution File, Format Version 12.00
# Visual Studio 15
VisualStudioVersion = 15.0.28307.705
MinimumVisualStudioVersion = 10.0.40219.1
Project("{FAE04EC0-301F-11D3-BF4B-00C04F79EFBC}") = "shapeDetection", "shapeDetection\shapeDetection.csproj", "{EC1C348A-3758-4631-B593-06282B0E7971}"
EndProject
Global
	GlobalSection(SolutionConfigurationPlatforms) = preSolution
		Debug|Any CPU = Debug|Any CPU
		Release|Any CPU = Release|Any CPU
	EndGlobalSection
	GlobalSection(ProjectConfigurationPlatforms) = postSolution
		{EC1C348A-3758-4631-B593-06282B0E7971}.Debug|Any CPU.ActiveCfg = Debug|Any CPU
		{EC1C348A-3758-4631-B593-06282B0E7971}.Debug|Any CPU.Build.0 = Debug|Any CPU
		{EC1C348A-3758-4631-B593-06282B0E7971}.Release|Any CPU.ActiveCfg = Release|Any CPU
		{EC1C348A-3758-4631-B593-06282B0E7971}.Release|Any CPU.Build.0 = Release|Any CPU
	EndGlobalSection
	GlobalSection(SolutionProperties) = preSolution
		HideSolutionNode = FALSE
	EndGlobalSection
	GlobalSection(ExtensibilityGlobals) = postSolution
		SolutionGuid = {8BFE1CF2-C411-4894-BBE0-FC8C9AD73886}
	EndGlobalSection
EndGlobal
